
Microsoft Visual Studio Solution File, Format Version 12.00
# Visual Studio Version 16
VisualStudioVersion = 16.0.31702.278
MinimumVisualStudioVersion = 10.0.40219.1
Project("{FAE04EC0-301F-11D3-BF4B-00C04F79EFBC}") = "IText7Sample", "IText7Sample.csproj", "{4982762A-EAB9-49B8-9DBE-806B00339257}"
EndProject
Global
	GlobalSection(SolutionConfigurationPlatforms) = preSolution
		Debug|Any CPU = Debug|Any CPU
		Release|Any CPU = Release|Any CPU
	EndGlobalSection
	GlobalSection(ProjectConfigurationPlatforms) = postSolution
		{4982762A-EAB9-49B8-9DBE-806B00339257}.Debug|Any CPU.ActiveCfg = Debug|Any CPU
		{4982762A-EAB9-49B8-9DBE-806B00339257}.Debug|Any CPU.Build.0 = Debug|Any CPU
		{4982762A-EAB9-49B8-9DBE-806B00339257}.Release|Any CPU.ActiveCfg = Release|Any CPU
		{4982762A-EAB9-49B8-9DBE-806B00339257}.Release|Any CPU.Build.0 = Release|Any CPU
	EndGlobalSection
	GlobalSection(SolutionProperties) = preSolution
		HideSolutionNode = FALSE
	EndGlobalSection
	GlobalSection(ExtensibilityGlobals) = postSolution
		SolutionGuid = {970142C8-15D7-4D69-B2A6-23B16FDC0E79}
	EndGlobalSection
EndGlobal
